
Microsoft Visual Studio Solution File, Format Version 12.00
# Visual Studio 15
VisualStudioVersion = 15.0.27703.2042
MinimumVisualStudioVersion = 10.0.40219.1
Project("{2150E333-8FDC-42A3-9474-1A3956D46DE8}") = "0-Presentation", "0-Presentation", "{039A6622-447A-4755-8161-FFB9431BC070}"
EndProject
Project("{2150E333-8FDC-42A3-9474-1A3956D46DE8}") = "1-Application", "1-Application", "{64A6DC3D-1B06-4B49-BE52-9B26EACF122E}"
EndProject
Project("{2150E333-8FDC-42A3-9474-1A3956D46DE8}") = "2-Domain", "2-Domain", "{06636490-3A28-4443-9058-C6F15C685756}"
EndProject
Project("{2150E333-8FDC-42A3-9474-1A3956D46DE8}") = "3-Infra", "3-Infra", "{676CB7AC-84D3-4EBC-81A4-A20F33B20252}"
EndProject
Project("{FAE04EC0-301F-11D3-BF4B-00C04F79EFBC}") = "DataAccess", "DataAccess\DataAccess.csproj", "{C02AFAD9-14B4-42C2-B01D-6AD867F539B4}"
EndProject
Project("{FAE04EC0-301F-11D3-BF4B-00C04F79EFBC}") = "Domain", "Domain\Domain.csproj", "{04B6B47C-0AB2-4A17-8C92-D322917E336F}"
EndProject
Project("{FAE04EC0-301F-11D3-BF4B-00C04F79EFBC}") = "Service", "Service\Service.csproj", "{F444225D-0039-4720-9ACC-FEFE144B0BE7}"
EndProject
Project("{FAE04EC0-301F-11D3-BF4B-00C04F79EFBC}") = "Presentation", "Presentation\Presentation.csproj", "{C664FBE1-06D1-41D9-A4DE-5B5ABFC2F490}"
EndProject
Global
	GlobalSection(SolutionConfigurationPlatforms) = preSolution
		Debug|Any CPU = Debug|Any CPU
		Release|Any CPU = Release|Any CPU
	EndGlobalSection
	GlobalSection(ProjectConfigurationPlatforms) = postSolution
		{C02AFAD9-14B4-42C2-B01D-6AD867F539B4}.Debug|Any CPU.ActiveCfg = Debug|Any CPU
		{C02AFAD9-14B4-42C2-B01D-6AD867F539B4}.Debug|Any CPU.Build.0 = Debug|Any CPU
		{C02AFAD9-14B4-42C2-B01D-6AD867F539B4}.Release|Any CPU.ActiveCfg = Release|Any CPU
		{C02AFAD9-14B4-42C2-B01D-6AD867F539B4}.Release|Any CPU.Build.0 = Release|Any CPU
		{04B6B47C-0AB2-4A17-8C92-D322917E336F}.Debug|Any CPU.ActiveCfg = Debug|Any CPU
		{04B6B47C-0AB2-4A17-8C92-D322917E336F}.Debug|Any CPU.Build.0 = Debug|Any CPU
		{04B6B47C-0AB2-4A17-8C92-D322917E336F}.Release|Any CPU.ActiveCfg = Release|Any CPU
		{04B6B47C-0AB2-4A17-8C92-D322917E336F}.Release|Any CPU.Build.0 = Release|Any CPU
		{F444225D-0039-4720-9ACC-FEFE144B0BE7}.Debug|Any CPU.ActiveCfg = Debug|Any CPU
		{F444225D-0039-4720-9ACC-FEFE144B0BE7}.Debug|Any CPU.Build.0 = Debug|Any CPU
		{F444225D-0039-4720-9ACC-FEFE144B0BE7}.Release|Any CPU.ActiveCfg = Release|Any CPU
		{F444225D-0039-4720-9ACC-FEFE144B0BE7}.Release|Any CPU.Build.0 = Release|Any CPU
		{C664FBE1-06D1-41D9-A4DE-5B5ABFC2F490}.Debug|Any CPU.ActiveCfg = Debug|Any CPU
		{C664FBE1-06D1-41D9-A4DE-5B5ABFC2F490}.Debug|Any CPU.Build.0 = Debug|Any CPU
		{C664FBE1-06D1-41D9-A4DE-5B5ABFC2F490}.Release|Any CPU.ActiveCfg = Release|Any CPU
		{C664FBE1-06D1-41D9-A4DE-5B5ABFC2F490}.Release|Any CPU.Build.0 = Release|Any CPU
	EndGlobalSection
	GlobalSection(SolutionProperties) = preSolution
		HideSolutionNode = FALSE
	EndGlobalSection
	GlobalSection(NestedProjects) = preSolution
		{C02AFAD9-14B4-42C2-B01D-6AD867F539B4} = {676CB7AC-84D3-4EBC-81A4-A20F33B20252}
		{04B6B47C-0AB2-4A17-8C92-D322917E336F} = {06636490-3A28-4443-9058-C6F15C685756}
		{F444225D-0039-4720-9ACC-FEFE144B0BE7} = {64A6DC3D-1B06-4B49-BE52-9B26EACF122E}
		{C664FBE1-06D1-41D9-A4DE-5B5ABFC2F490} = {039A6622-447A-4755-8161-FFB9431BC070}
	EndGlobalSection
	GlobalSection(ExtensibilityGlobals) = postSolution
		SolutionGuid = {8D8A2203-1BBB-4782-9A48-E251CF9B9368}
	EndGlobalSection
EndGlobal
